{
    "version": 3,
    "terraform_version": "0.11.11",
    "serial": 5,
    "lineage": "238b772a-8131-f327-fc37-69e2fd25153e",
    "modules": [
        {
            "path": [
                "root"
            ],
            "outputs": {},
            "resources": {
                "azurerm_network_interface.myFirstNIC": {
                    "type": "azurerm_network_interface",
                    "depends_on": [
                        "azurerm_network_security_group.myFirstnsg",
                        "azurerm_public_ip.myFirstPubIp",
                        "azurerm_subnet.myFirstSubnet"
                    ],
                    "primary": {
                        "id": "/subscriptions/092ad35b-0094-4eed-884b-a06a335fbb3a/resourceGroups/RGTetra/providers/Microsoft.Network/networkInterfaces/testNIC",
                        "attributes": {
                            "applied_dns_servers.#": "0",
                            "dns_servers.#": "0",
                            "enable_accelerated_networking": "false",
                            "enable_ip_forwarding": "false",
                            "id": "/subscriptions/092ad35b-0094-4eed-884b-a06a335fbb3a/resourceGroups/RGTetra/providers/Microsoft.Network/networkInterfaces/testNIC",
                            "internal_dns_name_label": "",
                            "internal_fqdn": "",
                            "ip_configuration.#": "1",
                            "ip_configuration.0.application_gateway_backend_address_pools_ids.#": "0",
                            "ip_configuration.0.application_security_group_ids.#": "0",
                            "ip_configuration.0.load_balancer_backend_address_pools_ids.#": "0",
                            "ip_configuration.0.load_balancer_inbound_nat_rules_ids.#": "0",
                            "ip_configuration.0.name": "testNICConfig",
                            "ip_configuration.0.primary": "true",
                            "ip_configuration.0.private_ip_address": "10.0.2.4",
                            "ip_configuration.0.private_ip_address_allocation": "dynamic",
                            "ip_configuration.0.private_ip_address_version": "IPv4",
                            "ip_configuration.0.public_ip_address_id": "/subscriptions/092ad35b-0094-4eed-884b-a06a335fbb3a/resourceGroups/RGTetra/providers/Microsoft.Network/publicIPAddresses/Fils2Pub",
                            "ip_configuration.0.subnet_id": "/subscriptions/092ad35b-0094-4eed-884b-a06a335fbb3a/resourceGroups/RGTetra/providers/Microsoft.Network/virtualNetworks/testVnet/subnets/testSubnet",
                            "location": "francecentral",
                            "mac_address": "",
                            "name": "testNIC",
                            "network_security_group_id": "/subscriptions/092ad35b-0094-4eed-884b-a06a335fbb3a/resourceGroups/RGTetra/providers/Microsoft.Network/networkSecurityGroups/Nessenger",
                            "private_ip_address": "10.0.2.4",
                            "private_ip_addresses.#": "1",
                            "private_ip_addresses.0": "10.0.2.4",
                            "resource_group_name": "RGTetra",
                            "tags.%": "0"
                        },
                        "meta": {},
                        "tainted": false
                    },
                    "deposed": [],
                    "provider": "provider.azurerm"
                },
                "azurerm_network_security_group.myFirstnsg": {
                    "type": "azurerm_network_security_group",
                    "depends_on": [
                        "azurerm_resource_group.rg"
                    ],
                    "primary": {
                        "id": "/subscriptions/092ad35b-0094-4eed-884b-a06a335fbb3a/resourceGroups/RGTetra/providers/Microsoft.Network/networkSecurityGroups/Nessenger",
                        "attributes": {
                            "id": "/subscriptions/092ad35b-0094-4eed-884b-a06a335fbb3a/resourceGroups/RGTetra/providers/Microsoft.Network/networkSecurityGroups/Nessenger",
                            "location": "francecentral",
                            "name": "Nessenger",
                            "resource_group_name": "RGTetra",
                            "security_rule.#": "2",
                            "security_rule.2090309246.access": "Allow",
                            "security_rule.2090309246.description": "",
                            "security_rule.2090309246.destination_address_prefix": "*",
                            "security_rule.2090309246.destination_address_prefixes.#": "0",
                            "security_rule.2090309246.destination_application_security_group_ids.#": "0",
                            "security_rule.2090309246.destination_port_range": "22",
                            "security_rule.2090309246.destination_port_ranges.#": "0",
                            "security_rule.2090309246.direction": "Inbound",
                            "security_rule.2090309246.name": "SSH",
                            "security_rule.2090309246.priority": "1001",
                            "security_rule.2090309246.protocol": "Tcp",
                            "security_rule.2090309246.source_address_prefix": "*",
                            "security_rule.2090309246.source_address_prefixes.#": "0",
                            "security_rule.2090309246.source_application_security_group_ids.#": "0",
                            "security_rule.2090309246.source_port_range": "*",
                            "security_rule.2090309246.source_port_ranges.#": "0",
                            "security_rule.2455716876.access": "Allow",
                            "security_rule.2455716876.description": "",
                            "security_rule.2455716876.destination_address_prefix": "*",
                            "security_rule.2455716876.destination_address_prefixes.#": "0",
                            "security_rule.2455716876.destination_application_security_group_ids.#": "0",
                            "security_rule.2455716876.destination_port_range": "80",
                            "security_rule.2455716876.destination_port_ranges.#": "0",
                            "security_rule.2455716876.direction": "Inbound",
                            "security_rule.2455716876.name": "HTTP",
                            "security_rule.2455716876.priority": "1002",
                            "security_rule.2455716876.protocol": "Tcp",
                            "security_rule.2455716876.source_address_prefix": "*",
                            "security_rule.2455716876.source_address_prefixes.#": "0",
                            "security_rule.2455716876.source_application_security_group_ids.#": "0",
                            "security_rule.2455716876.source_port_range": "*",
                            "security_rule.2455716876.source_port_ranges.#": "0",
                            "tags.%": "0"
                        },
                        "meta": {},
                        "tainted": false
                    },
                    "deposed": [],
                    "provider": "provider.azurerm"
                },
                "azurerm_public_ip.myFirstPubIp": {
                    "type": "azurerm_public_ip",
                    "depends_on": [],
                    "primary": {
                        "id": "/subscriptions/092ad35b-0094-4eed-884b-a06a335fbb3a/resourceGroups/RGTetra/providers/Microsoft.Network/publicIPAddresses/Fils2Pub",
                        "attributes": {
                            "allocation_method": "Dynamic",
                            "id": "/subscriptions/092ad35b-0094-4eed-884b-a06a335fbb3a/resourceGroups/RGTetra/providers/Microsoft.Network/publicIPAddresses/Fils2Pub",
                            "idle_timeout_in_minutes": "4",
                            "ip_address": "",
                            "ip_version": "IPv4",
                            "location": "francecentral",
                            "name": "Fils2Pub",
                            "public_ip_address_allocation": "Dynamic",
                            "resource_group_name": "RGTetra",
                            "sku": "Basic",
                            "tags.%": "0",
                            "zones.#": "0"
                        },
                        "meta": {},
                        "tainted": false
                    },
                    "deposed": [],
                    "provider": "provider.azurerm"
                },
                "azurerm_resource_group.rg": {
                    "type": "azurerm_resource_group",
                    "depends_on": [],
                    "primary": {
                        "id": "/subscriptions/092ad35b-0094-4eed-884b-a06a335fbb3a/resourceGroups/RGTetra",
                        "attributes": {
                            "id": "/subscriptions/092ad35b-0094-4eed-884b-a06a335fbb3a/resourceGroups/RGTetra",
                            "location": "francecentral",
                            "name": "RGTetra",
                            "tags.%": "1",
                            "tags.owner": "roumieux"
                        },
                        "meta": {},
                        "tainted": false
                    },
                    "deposed": [],
                    "provider": "provider.azurerm"
                },
                "azurerm_subnet.myFirstSubnet": {
                    "type": "azurerm_subnet",
                    "depends_on": [
                        "azurerm_resource_group.rg",
                        "azurerm_virtual_network.myFirstVnet"
                    ],
                    "primary": {
                        "id": "/subscriptions/092ad35b-0094-4eed-884b-a06a335fbb3a/resourceGroups/RGTetra/providers/Microsoft.Network/virtualNetworks/testVnet/subnets/testSubnet",
                        "attributes": {
                            "address_prefix": "10.0.2.0/24",
                            "delegation.#": "0",
                            "enforce_private_link_endpoint_network_policies": "false",
                            "enforce_private_link_service_network_policies": "false",
                            "id": "/subscriptions/092ad35b-0094-4eed-884b-a06a335fbb3a/resourceGroups/RGTetra/providers/Microsoft.Network/virtualNetworks/testVnet/subnets/testSubnet",
                            "ip_configurations.#": "1",
                            "ip_configurations.3941423986": "/subscriptions/092ad35b-0094-4eed-884b-a06a335fbb3a/resourceGroups/RGTetra/providers/Microsoft.Network/networkInterfaces/testNIC/ipConfigurations/testNICConfig",
                            "name": "testSubnet",
                            "network_security_group_id": "",
                            "resource_group_name": "RGTetra",
                            "route_table_id": "",
                            "service_endpoints.#": "0",
                            "virtual_network_name": "testVnet"
                        },
                        "meta": {},
                        "tainted": false
                    },
                    "deposed": [],
                    "provider": "provider.azurerm"
                },
                "azurerm_virtual_network.myFirstVnet": {
                    "type": "azurerm_virtual_network",
                    "depends_on": [],
                    "primary": {
                        "id": "/subscriptions/092ad35b-0094-4eed-884b-a06a335fbb3a/resourceGroups/RGTetra/providers/Microsoft.Network/virtualNetworks/testVnet",
                        "attributes": {
                            "address_space.#": "1",
                            "address_space.0": "10.0.0.0/16",
                            "ddos_protection_plan.#": "0",
                            "dns_servers.#": "0",
                            "id": "/subscriptions/092ad35b-0094-4eed-884b-a06a335fbb3a/resourceGroups/RGTetra/providers/Microsoft.Network/virtualNetworks/testVnet",
                            "location": "francecentral",
                            "name": "testVnet",
                            "resource_group_name": "RGTetra",
                            "subnet.#": "1",
                            "subnet.2867657515.address_prefix": "10.0.2.0/24",
                            "subnet.2867657515.id": "/subscriptions/092ad35b-0094-4eed-884b-a06a335fbb3a/resourceGroups/RGTetra/providers/Microsoft.Network/virtualNetworks/testVnet/subnets/testSubnet",
                            "subnet.2867657515.name": "testSubnet",
                            "subnet.2867657515.security_group": "",
                            "tags.%": "0"
                        },
                        "meta": {},
                        "tainted": false
                    },
                    "deposed": [],
                    "provider": "provider.azurerm"
                }
            },
            "depends_on": []
        }
    ]
}
